// !$*UTF8*$!
{
	archiveVersion = 1;
	classes = {
	};
	objectVersion = 55;
	objects = {

/* Begin PBXBuildFile section */
		3E801263282CE75500CE901E /* RestaurantListingSwiftUIApp.swift in Sources */ = {isa = PBXBuildFile; fileRef = 3E801262282CE75500CE901E /* RestaurantListingSwiftUIApp.swift */; };
		3E801265282CE75500CE901E /* ContentView.swift in Sources */ = {isa = PBXBuildFile; fileRef = 3E801264282CE75500CE901E /* ContentView.swift */; };
		3E801267282CE75A00CE901E /* Assets.xcassets in Resources */ = {isa = PBXBuildFile; fileRef = 3E801266282CE75A00CE901E /* Assets.xcassets */; };
		3E80126A282CE75A00CE901E /* Preview Assets.xcassets in Resources */ = {isa = PBXBuildFile; fileRef = 3E801269282CE75A00CE901E /* Preview Assets.xcassets */; };
		3E801271282CE92F00CE901E /* RestaurantListingView.swift in Sources */ = {isa = PBXBuildFile; fileRef = 3E801270282CE92F00CE901E /* RestaurantListingView.swift */; };
		3E801273282D111000CE901E /* RestaurantModel.swift in Sources */ = {isa = PBXBuildFile; fileRef = 3E801272282D111000CE901E /* RestaurantModel.swift */; };
		3E910E5A282E247D003A8A17 /* ChipView.swift in Sources */ = {isa = PBXBuildFile; fileRef = 3E910E59282E247D003A8A17 /* ChipView.swift */; };
		3E910E5C282E2696003A8A17 /* RestaurantImageCorouselView.swift in Sources */ = {isa = PBXBuildFile; fileRef = 3E910E5B282E2696003A8A17 /* RestaurantImageCorouselView.swift */; };
		3E910E5E282E2B57003A8A17 /* CustomNavigationBarView.swift in Sources */ = {isa = PBXBuildFile; fileRef = 3E910E5D282E2B57003A8A17 /* CustomNavigationBarView.swift */; };
		3E910E60282E2D15003A8A17 /* UserSearchModel.swift in Sources */ = {isa = PBXBuildFile; fileRef = 3E910E5F282E2D15003A8A17 /* UserSearchModel.swift */; };
		3E910E62282E4338003A8A17 /* SortingModel.swift in Sources */ = {isa = PBXBuildFile; fileRef = 3E910E61282E4338003A8A17 /* SortingModel.swift */; };
		3E910E64282E4477003A8A17 /* BottomSheetView.swift in Sources */ = {isa = PBXBuildFile; fileRef = 3E910E63282E4477003A8A17 /* BottomSheetView.swift */; };
/* End PBXBuildFile section */

/* Begin PBXFileReference section */
		3E80125F282CE75500CE901E /* RestaurantListingSwiftUI.app */ = {isa = PBXFileReference; explicitFileType = wrapper.application; includeInIndex = 0; path = RestaurantListingSwiftUI.app; sourceTree = BUILT_PRODUCTS_DIR; };
		3E801262282CE75500CE901E /* RestaurantListingSwiftUIApp.swift */ = {isa = PBXFileReference; lastKnownFileType = sourcecode.swift; path = RestaurantListingSwiftUIApp.swift; sourceTree = "<group>"; };
		3E801264282CE75500CE901E /* ContentView.swift */ = {isa = PBXFileReference; lastKnownFileType = sourcecode.swift; path = ContentView.swift; sourceTree = "<group>"; };
		3E801266282CE75A00CE901E /* Assets.xcassets */ = {isa = PBXFileReference; lastKnownFileType = folder.assetcatalog; path = Assets.xcassets; sourceTree = "<group>"; };
		3E801269282CE75A00CE901E /* Preview Assets.xcassets */ = {isa = PBXFileReference; lastKnownFileType = folder.assetcatalog; path = "Preview Assets.xcassets"; sourceTree = "<group>"; };
		3E801270282CE92F00CE901E /* RestaurantListingView.swift */ = {isa = PBXFileReference; lastKnownFileType = sourcecode.swift; path = RestaurantListingView.swift; sourceTree = "<group>"; };
		3E801272282D111000CE901E /* RestaurantModel.swift */ = {isa = PBXFileReference; lastKnownFileType = sourcecode.swift; path = RestaurantModel.swift; sourceTree = "<group>"; };
		3E910E59282E247D003A8A17 /* ChipView.swift */ = {isa = PBXFileReference; lastKnownFileType = sourcecode.swift; path = ChipView.swift; sourceTree = "<group>"; };
		3E910E5B282E2696003A8A17 /* RestaurantImageCorouselView.swift */ = {isa = PBXFileReference; lastKnownFileType = sourcecode.swift; path = RestaurantImageCorouselView.swift; sourceTree = "<group>"; };
		3E910E5D282E2B57003A8A17 /* CustomNavigationBarView.swift */ = {isa = PBXFileReference; lastKnownFileType = sourcecode.swift; path = CustomNavigationBarView.swift; sourceTree = "<group>"; };
		3E910E5F282E2D15003A8A17 /* UserSearchModel.swift */ = {isa = PBXFileReference; lastKnownFileType = sourcecode.swift; path = UserSearchModel.swift; sourceTree = "<group>"; };
		3E910E61282E4338003A8A17 /* SortingModel.swift */ = {isa = PBXFileReference; lastKnownFileType = sourcecode.swift; path = SortingModel.swift; sourceTree = "<group>"; };
		3E910E63282E4477003A8A17 /* BottomSheetView.swift */ = {isa = PBXFileReference; lastKnownFileType = sourcecode.swift; path = BottomSheetView.swift; sourceTree = "<group>"; };
/* End PBXFileReference section */

/* Begin PBXFrameworksBuildPhase section */
		3E80125C282CE75500CE901E /* Frameworks */ = {
			isa = PBXFrameworksBuildPhase;
			buildActionMask = 2147483647;
			files = (
			);
			runOnlyForDeploymentPostprocessing = 0;
		};
/* End PBXFrameworksBuildPhase section */

/* Begin PBXGroup section */
		3E801256282CE75500CE901E = {
			isa = PBXGroup;
			children = (
				3E801261282CE75500CE901E /* RestaurantListingSwiftUI */,
				3E801260282CE75500CE901E /* Products */,
			);
			sourceTree = "<group>";
		};
		3E801260282CE75500CE901E /* Products */ = {
			isa = PBXGroup;
			children = (
				3E80125F282CE75500CE901E /* RestaurantListingSwiftUI.app */,
			);
			name = Products;
			sourceTree = "<group>";
		};
		3E801261282CE75500CE901E /* RestaurantListingSwiftUI */ = {
			isa = PBXGroup;
			children = (
				3E801262282CE75500CE901E /* RestaurantListingSwiftUIApp.swift */,
				3E801264282CE75500CE901E /* ContentView.swift */,
				3E910E5D282E2B57003A8A17 /* CustomNavigationBarView.swift */,
				3E801270282CE92F00CE901E /* RestaurantListingView.swift */,
				3E910E59282E247D003A8A17 /* ChipView.swift */,
				3E910E63282E4477003A8A17 /* BottomSheetView.swift */,
				3E910E5B282E2696003A8A17 /* RestaurantImageCorouselView.swift */,
				3E801272282D111000CE901E /* RestaurantModel.swift */,
				3E910E5F282E2D15003A8A17 /* UserSearchModel.swift */,
				3E910E61282E4338003A8A17 /* SortingModel.swift */,
				3E801266282CE75A00CE901E /* Assets.xcassets */,
				3E801268282CE75A00CE901E /* Preview Content */,
			);
			path = RestaurantListingSwiftUI;
			sourceTree = "<group>";
		};
		3E801268282CE75A00CE901E /* Preview Content */ = {
			isa = PBXGroup;
			children = (
				3E801269282CE75A00CE901E /* Preview Assets.xcassets */,
			);
			path = "Preview Content";
			sourceTree = "<group>";
		};
/* End PBXGroup section */

/* Begin PBXNativeTarget section */
		3E80125E282CE75500CE901E /* RestaurantListingSwiftUI */ = {
			isa = PBXNativeTarget;
			buildConfigurationList = 3E80126D282CE75A00CE901E /* Build configuration list for PBXNativeTarget "RestaurantListingSwiftUI" */;
			buildPhases = (
				3E80125B282CE75500CE901E /* Sources */,
				3E80125C282CE75500CE901E /* Frameworks */,
				3E80125D282CE75500CE901E /* Resources */,
			);
			buildRules = (
			);
			dependencies = (
			);
			name = RestaurantListingSwiftUI;
			productName = RestaurantListingSwiftUI;
			productReference = 3E80125F282CE75500CE901E /* RestaurantListingSwiftUI.app */;
			productType = "com.apple.product-type.application";
		};
/* End PBXNativeTarget section */

/* Begin PBXProject section */
		3E801257282CE75500CE901E /* Project object */ = {
			isa = PBXProject;
			attributes = {
				BuildIndependentTargetsInParallel = 1;
				LastSwiftUpdateCheck = 1330;
				LastUpgradeCheck = 1330;
				TargetAttributes = {
					3E80125E282CE75500CE901E = {
						CreatedOnToolsVersion = 13.3.1;
					};
				};
			};
			buildConfigurationList = 3E80125A282CE75500CE901E /* Build configuration list for PBXProject "RestaurantListingSwiftUI" */;
			compatibilityVersion = "Xcode 13.0";
			developmentRegion = en;
			hasScannedForEncodings = 0;
			knownRegions = (
				en,
				Base,
			);
			mainGroup = 3E801256282CE75500CE901E;
			productRefGroup = 3E801260282CE75500CE901E /* Products */;
			projectDirPath = "";
			projectRoot = "";
			targets = (
				3E80125E282CE75500CE901E /* RestaurantListingSwiftUI */,
			);
		};
/* End PBXProject section */

/* Begin PBXResourcesBuildPhase section */
		3E80125D282CE75500CE901E /* Resources */ = {
			isa = PBXResourcesBuildPhase;
			buildActionMask = 2147483647;
			files = (
				3E80126A282CE75A00CE901E /* Preview Assets.xcassets in Resources */,
				3E801267282CE75A00CE901E /* Assets.xcassets in Resources */,
			);
			runOnlyForDeploymentPostprocessing = 0;
		};
/* End PBXResourcesBuildPhase section */

/* Begin PBXSourcesBuildPhase section */
		3E80125B282CE75500CE901E /* Sources */ = {
			isa = PBXSourcesBuildPhase;
			buildActionMask = 2147483647;
			files = (
				3E801265282CE75500CE901E /* ContentView.swift in Sources */,
				3E910E64282E4477003A8A17 /* BottomSheetView.swift in Sources */,
				3E801271282CE92F00CE901E /* RestaurantListingView.swift in Sources */,
				3E910E5A282E247D003A8A17 /* ChipView.swift in Sources */,
				3E801273282D111000CE901E /* RestaurantModel.swift in Sources */,
				3E801263282CE75500CE901E /* RestaurantListingSwiftUIApp.swift in Sources */,
				3E910E5C282E2696003A8A17 /* RestaurantImageCorouselView.swift in Sources */,
				3E910E60282E2D15003A8A17 /* UserSearchModel.swift in Sources */,
				3E910E62282E4338003A8A17 /* SortingModel.swift in Sources */,
				3E910E5E282E2B57003A8A17 /* CustomNavigationBarView.swift in Sources */,
			);
			runOnlyForDeploymentPostprocessing = 0;
		};
/* End PBXSourcesBuildPhase section */

/* Begin XCBuildConfiguration section */
		3E80126B282CE75A00CE901E /* Debug */ = {
			isa = XCBuildConfiguration;
			buildSettings = {
				ALWAYS_SEARCH_USER_PATHS = NO;
				CLANG_ANALYZER_NONNULL = YES;
				CLANG_ANALYZER_NUMBER_OBJECT_CONVERSION = YES_AGGRESSIVE;
				CLANG_CXX_LANGUAGE_STANDARD = "gnu++17";
				CLANG_ENABLE_MODULES = YES;
				CLANG_ENABLE_OBJC_ARC = YES;
				CLANG_ENABLE_OBJC_WEAK = YES;
				CLANG_WARN_BLOCK_CAPTURE_AUTORELEASING = YES;
				CLANG_WARN_BOOL_CONVERSION = YES;
				CLANG_WARN_COMMA = YES;
				CLANG_WARN_CONSTANT_CONVERSION = YES;
				CLANG_WARN_DEPRECATED_OBJC_IMPLEMENTATIONS = YES;
				CLANG_WARN_DIRECT_OBJC_ISA_USAGE = YES_ERROR;
				CLANG_WARN_DOCUMENTATION_COMMENTS = YES;
				CLANG_WARN_EMPTY_BODY = YES;
				CLANG_WARN_ENUM_CONVERSION = YES;
				CLANG_WARN_INFINITE_RECURSION = YES;
				CLANG_WARN_INT_CONVERSION = YES;
				CLANG_WARN_NON_LITERAL_NULL_CONVERSION = YES;
				CLANG_WARN_OBJC_IMPLICIT_RETAIN_SELF = YES;
				CLANG_WARN_OBJC_LITERAL_CONVERSION = YES;
				CLANG_WARN_OBJC_ROOT_CLASS = YES_ERROR;
				CLANG_WARN_QUOTED_INCLUDE_IN_FRAMEWORK_HEADER = YES;
				CLANG_WARN_RANGE_LOOP_ANALYSIS = YES;
				CLANG_WARN_STRICT_PROTOTYPES = YES;
				CLANG_WARN_SUSPICIOUS_MOVE = YES;
				CLANG_WARN_UNGUARDED_AVAILABILITY = YES_AGGRESSIVE;
				CLANG_WARN_UNREACHABLE_CODE = YES;
				CLANG_WARN__DUPLICATE_METHOD_MATCH = YES;
				COPY_PHASE_STRIP = NO;
				DEBUG_INFORMATION_FORMAT = dwarf;
				ENABLE_STRICT_OBJC_MSGSEND = YES;
				ENABLE_TESTABILITY = YES;
				GCC_C_LANGUAGE_STANDARD = gnu11;
				GCC_DYNAMIC_NO_PIC = NO;
				GCC_NO_COMMON_BLOCKS = YES;
				GCC_OPTIMIZATION_LEVEL = 0;
				GCC_PREPROCESSOR_DEFINITIONS = (
					"DEBUG=1",
					"$(inherited)",
				);
				GCC_WARN_64_TO_32_BIT_CONVERSION = YES;
				GCC_WARN_ABOUT_RETURN_TYPE = YES_ERROR;
				GCC_WARN_UNDECLARED_SELECTOR = YES;
				GCC_WARN_UNINITIALIZED_AUTOS = YES_AGGRESSIVE;
				GCC_WARN_UNUSED_FUNCTION = YES;
				GCC_WARN_UNUSED_VARIABLE = YES;
				IPHONEOS_DEPLOYMENT_TARGET = 15.4;
				MTL_ENABLE_DEBUG_INFO = INCLUDE_SOURCE;
				MTL_FAST_MATH = YES;
				ONLY_ACTIVE_ARCH = YES;
				SDKROOT = iphoneos;
				SWIFT_ACTIVE_COMPILATION_CONDITIONS = DEBUG;
				SWIFT_OPTIMIZATION_LEVEL = "-Onone";
			};
			name = Debug;
		};
		3E80126C282CE75A00CE901E /* Release */ = {
			isa = XCBuildConfiguration;
			buildSettings = {
				ALWAYS_SEARCH_USER_PATHS = NO;
				CLANG_ANALYZER_NONNULL = YES;
				CLANG_ANALYZER_NUMBER_OBJECT_CONVERSION = YES_AGGRESSIVE;
				CLANG_CXX_LANGUAGE_STANDARD = "gnu++17";
				CLANG_ENABLE_MODULES = YES;
				CLANG_ENABLE_OBJC_ARC = YES;
				CLANG_ENABLE_OBJC_WEAK = YES;
				CLANG_WARN_BLOCK_CAPTURE_AUTORELEASING = YES;
				CLANG_WARN_BOOL_CONVERSION = YES;
				CLANG_WARN_COMMA = YES;
				CLANG_WARN_CONSTANT_CONVERSION = YES;
				CLANG_WARN_DEPRECATED_OBJC_IMPLEMENTATIONS = YES;
				CLANG_WARN_DIRECT_OBJC_ISA_USAGE = YES_ERROR;
				CLANG_WARN_DOCUMENTATION_COMMENTS = YES;
				CLANG_WARN_EMPTY_BODY = YES;
				CLANG_WARN_ENUM_CONVERSION = YES;
				CLANG_WARN_INFINITE_RECURSION = YES;
				CLANG_WARN_INT_CONVERSION = YES;
				CLANG_WARN_NON_LITERAL_NULL_CONVERSION = YES;
				CLANG_WARN_OBJC_IMPLICIT_RETAIN_SELF = YES;
				CLANG_WARN_OBJC_LITERAL_CONVERSION = YES;
				CLANG_WARN_OBJC_ROOT_CLASS = YES_ERROR;
				CLANG_WARN_QUOTED_INCLUDE_IN_FRAMEWORK_HEADER = YES;
				CLANG_WARN_RANGE_LOOP_ANALYSIS = YES;
				CLANG_WARN_STRICT_PROTOTYPES = YES;
				CLANG_WARN_SUSPICIOUS_MOVE = YES;
				CLANG_WARN_UNGUARDED_AVAILABILITY = YES_AGGRESSIVE;
				CLANG_WARN_UNREACHABLE_CODE = YES;
				CLANG_WARN__DUPLICATE_METHOD_MATCH = YES;
				COPY_PHASE_STRIP = NO;
				DEBUG_INFORMATION_FORMAT = "dwarf-with-dsym";
				ENABLE_NS_ASSERTIONS = NO;
				ENABLE_STRICT_OBJC_MSGSEND = YES;
				GCC_C_LANGUAGE_STANDARD = gnu11;
				GCC_NO_COMMON_BLOCKS = YES;
				GCC_WARN_64_TO_32_BIT_CONVERSION = YES;
				GCC_WARN_ABOUT_RETURN_TYPE = YES_ERROR;
				GCC_WARN_UNDECLARED_SELECTOR = YES;
				GCC_WARN_UNINITIALIZED_AUTOS = YES_AGGRESSIVE;
				GCC_WARN_UNUSED_FUNCTION = YES;
				GCC_WARN_UNUSED_VARIABLE = YES;
				IPHONEOS_DEPLOYMENT_TARGET = 15.4;
				MTL_ENABLE_DEBUG_INFO = NO;
				MTL_FAST_MATH = YES;
				SDKROOT = iphoneos;
				SWIFT_COMPILATION_MODE = wholemodule;
				SWIFT_OPTIMIZATION_LEVEL = "-O";
				VALIDATE_PRODUCT = YES;
			};
			name = Release;
		};
		3E80126E282CE75A00CE901E /* Debug */ = {
			isa = XCBuildConfiguration;
			buildSettings = {
				ASSETCATALOG_COMPILER_APPICON_NAME = AppIcon;
				ASSETCATALOG_COMPILER_GLOBAL_ACCENT_COLOR_NAME = AccentColor;
				CODE_SIGN_STYLE = Automatic;
				CURRENT_PROJECT_VERSION = 1;
				DEVELOPMENT_ASSET_PATHS = "\"RestaurantListingSwiftUI/Preview Content\"";
				ENABLE_PREVIEWS = YES;
				GENERATE_INFOPLIST_FILE = YES;
				INFOPLIST_KEY_UIApplicationSceneManifest_Generation = YES;
				INFOPLIST_KEY_UIApplicationSupportsIndirectInputEvents = YES;
				INFOPLIST_KEY_UILaunchScreen_Generation = YES;
				INFOPLIST_KEY_UISupportedInterfaceOrientations_iPad = "UIInterfaceOrientationPortrait UIInterfaceOrientationPortraitUpsideDown UIInterfaceOrientationLandscapeLeft UIInterfaceOrientationLandscapeRight";
				INFOPLIST_KEY_UISupportedInterfaceOrientations_iPhone = "UIInterfaceOrientationPortrait UIInterfaceOrientationLandscapeLeft UIInterfaceOrientationLandscapeRight";
				LD_RUNPATH_SEARCH_PATHS = (
					"$(inherited)",
					"@executable_path/Frameworks",
				);
				MARKETING_VERSION = 1.0;
				PRODUCT_BUNDLE_IDENTIFIER = com.eazydiner.RestaurantListingSwiftUI;
				PRODUCT_NAME = "$(TARGET_NAME)";
				SWIFT_EMIT_LOC_STRINGS = YES;
				SWIFT_VERSION = 5.0;
				TARGETED_DEVICE_FAMILY = "1,2";
			};
			name = Debug;
		};
		3E80126F282CE75A00CE901E /* Release */ = {
			isa = XCBuildConfiguration;
			buildSettings = {
				ASSETCATALOG_COMPILER_APPICON_NAME = AppIcon;
				ASSETCATALOG_COMPILER_GLOBAL_ACCENT_COLOR_NAME = AccentColor;
				CODE_SIGN_STYLE = Automatic;
				CURRENT_PROJECT_VERSION = 1;
				DEVELOPMENT_ASSET_PATHS = "\"RestaurantListingSwiftUI/Preview Content\"";
				ENABLE_PREVIEWS = YES;
				GENERATE_INFOPLIST_FILE = YES;
				INFOPLIST_KEY_UIApplicationSceneManifest_Generation = YES;
				INFOPLIST_KEY_UIApplicationSupportsIndirectInputEvents = YES;
				INFOPLIST_KEY_UILaunchScreen_Generation = YES;
				INFOPLIST_KEY_UISupportedInterfaceOrientations_iPad = "UIInterfaceOrientationPortrait UIInterfaceOrientationPortraitUpsideDown UIInterfaceOrientationLandscapeLeft UIInterfaceOrientationLandscapeRight";
				INFOPLIST_KEY_UISupportedInterfaceOrientations_iPhone = "UIInterfaceOrientationPortrait UIInterfaceOrientationLandscapeLeft UIInterfaceOrientationLandscapeRight";
				LD_RUNPATH_SEARCH_PATHS = (
					"$(inherited)",
					"@executable_path/Frameworks",
				);
				MARKETING_VERSION = 1.0;
				PRODUCT_BUNDLE_IDENTIFIER = com.eazydiner.RestaurantListingSwiftUI;
				PRODUCT_NAME = "$(TARGET_NAME)";
				SWIFT_EMIT_LOC_STRINGS = YES;
				SWIFT_VERSION = 5.0;
				TARGETED_DEVICE_FAMILY = "1,2";
			};
			name = Release;
		};
/* End XCBuildConfiguration section */

/* Begin XCConfigurationList section */
		3E80125A282CE75500CE901E /* Build configuration list for PBXProject "RestaurantListingSwiftUI" */ = {
			isa = XCConfigurationList;
			buildConfigurations = (
				3E80126B282CE75A00CE901E /* Debug */,
				3E80126C282CE75A00CE901E /* Release */,
			);
			defaultConfigurationIsVisible = 0;
			defaultConfigurationName = Release;
		};
		3E80126D282CE75A00CE901E /* Build configuration list for PBXNativeTarget "RestaurantListingSwiftUI" */ = {
			isa = XCConfigurationList;
			buildConfigurations = (
				3E80126E282CE75A00CE901E /* Debug */,
				3E80126F282CE75A00CE901E /* Release */,
			);
			defaultConfigurationIsVisible = 0;
			defaultConfigurationName = Release;
		};
/* End XCConfigurationList section */
	};
	rootObject = 3E801257282CE75500CE901E /* Project object */;
}
